{
    "version": 3,
    "terraform_version": "0.11.11",
    "serial": 4,
    "lineage": "01e9949f-4c60-a6ba-9ad8-b16fdfca181d",
    "modules": [
        {
            "path": [
                "root"
            ],
            "outputs": {
                "api.access_key_id": {
                    "sensitive": false,
                    "type": "string",
                    "value": "AKIAJTNFO4N534I2TQPQ"
                },
                "api.secret_access_key": {
                    "sensitive": false,
                    "type": "string",
                    "value": "wcFMA7dS0yFu6pAPARAAZ1R2r2jQRCdqW9/yCV0YtyuGggt/XEKgFiBayV2YWxPlHGVi7e/2q+1lsu0kb7Rie6Pj2SzgH4fpgQaOVWMey84t4Tgtxz5B1bToKaskO23tnjcLgYnlrhh0Z14kRon+6TdhaAgq+q1o+/y0XUgXexEf+doqlrCu5wuq+WXWsZJOfq4GzOuomwc01+GdXqyKTmBTUD3fF0w5fhJjcQzcR1/kO7ZiHkw1KUMpkiUjXJd7GWer1B//9oLX3Vtdi6HyJ4+Y24gtmXI2tjuUAm/tB9PKBcnM4zjuGDDIqcJsmvZv9waFKhAEvDwl/xZI1yYrYyHb+XPeDncK9DnupTFF0jMxjeNOf5wusYQxExSXkMCuOE4LJMtL5rsKjqIPGraSHfoeV8fsNOAK30Yx6CCW57a9hKQXP4ZFsKJkRARg9Httv8dn6iur82C9oEFQWkh5vrvd5OCqt/OQ5z/fpbSzeQk2SQBA9nMASCUHWeJC8yQOT/hIxLB1gTrXm2znYMLENqxZLpUGPKf0ehPX41CgFW/ucIu6diNtgpunpqiHvehEqinY1DSzwbioQ9qpqdPTyxpR2xWvkVAf6c8+qIoptl7b8lxhO1V6t9j17AZhE1Izi25u4CoPf8+VEY530G7snHb7rCfMeQaZDbtOBan9MYeR1B/8sbWm2QwfrSI3AZrS4AHkPOQApLfsGZqrj8RB/OdWSuHuUuDq4JPhPzXgLuKSfu5U4Nflgku/kQQ+IW8YwTjpRWP4OZxqOmS7G8foTRFFZKKFuZ3gV+MnH5DFioIdbODi5EP0SoU7Dm8JpjvyARqBmqDiQySv6OFYxgA="
                }
            },
            "resources": {
                "aws_dynamodb_table.team": {
                    "type": "aws_dynamodb_table",
                    "depends_on": [],
                    "primary": {
                        "id": "lunchbot-team-dev-v1",
                        "attributes": {
                            "arn": "arn:aws:dynamodb:us-west-1:934411350416:table/lunchbot-team-dev-v1",
                            "attribute.#": "1",
                            "attribute.4228504427.name": "id",
                            "attribute.4228504427.type": "S",
                            "billing_mode": "PAY_PER_REQUEST",
                            "global_secondary_index.#": "0",
                            "hash_key": "id",
                            "id": "lunchbot-team-dev-v1",
                            "local_secondary_index.#": "0",
                            "name": "lunchbot-team-dev-v1",
                            "point_in_time_recovery.#": "1",
                            "point_in_time_recovery.0.enabled": "false",
                            "read_capacity": "0",
                            "server_side_encryption.#": "0",
                            "stream_arn": "",
                            "stream_enabled": "false",
                            "stream_label": "",
                            "stream_view_type": "",
                            "tags.%": "1",
                            "tags.Environment": "development",
                            "ttl.#": "1",
                            "ttl.0.attribute_name": "",
                            "ttl.0.enabled": "false",
                            "write_capacity": "0"
                        },
                        "meta": {
                            "e2bfb730-ecaa-11e6-8f88-34363bc7c4c0": {
                                "create": 600000000000,
                                "delete": 600000000000,
                                "update": 3600000000000
                            },
                            "schema_version": "1"
                        },
                        "tainted": false
                    },
                    "deposed": [],
                    "provider": "provider.aws"
                },
                "aws_dynamodb_table.user": {
                    "type": "aws_dynamodb_table",
                    "depends_on": [],
                    "primary": {
                        "id": "lunchbot-user-dev-v1",
                        "attributes": {
                            "arn": "arn:aws:dynamodb:us-west-1:934411350416:table/lunchbot-user-dev-v1",
                            "attribute.#": "2",
                            "attribute.2795131343.name": "team_id",
                            "attribute.2795131343.type": "S",
                            "attribute.4228504427.name": "id",
                            "attribute.4228504427.type": "S",
                            "billing_mode": "PAY_PER_REQUEST",
                            "global_secondary_index.#": "0",
                            "hash_key": "team_id",
                            "id": "lunchbot-user-dev-v1",
                            "local_secondary_index.#": "0",
                            "name": "lunchbot-user-dev-v1",
                            "point_in_time_recovery.#": "1",
                            "point_in_time_recovery.0.enabled": "false",
                            "range_key": "id",
                            "read_capacity": "0",
                            "server_side_encryption.#": "0",
                            "stream_arn": "",
                            "stream_enabled": "false",
                            "stream_label": "",
                            "stream_view_type": "",
                            "tags.%": "1",
                            "tags.Environment": "development",
                            "ttl.#": "1",
                            "ttl.0.attribute_name": "",
                            "ttl.0.enabled": "false",
                            "write_capacity": "0"
                        },
                        "meta": {
                            "e2bfb730-ecaa-11e6-8f88-34363bc7c4c0": {
                                "create": 600000000000,
                                "delete": 600000000000,
                                "update": 3600000000000
                            },
                            "schema_version": "1"
                        },
                        "tainted": false
                    },
                    "deposed": [],
                    "provider": "provider.aws"
                },
                "aws_iam_access_key.api": {
                    "type": "aws_iam_access_key",
                    "depends_on": [
                        "aws_iam_user.api"
                    ],
                    "primary": {
                        "id": "AKIAJTNFO4N534I2TQPQ",
                        "attributes": {
                            "encrypted_secret": "wcFMA7dS0yFu6pAPARAAZ1R2r2jQRCdqW9/yCV0YtyuGggt/XEKgFiBayV2YWxPlHGVi7e/2q+1lsu0kb7Rie6Pj2SzgH4fpgQaOVWMey84t4Tgtxz5B1bToKaskO23tnjcLgYnlrhh0Z14kRon+6TdhaAgq+q1o+/y0XUgXexEf+doqlrCu5wuq+WXWsZJOfq4GzOuomwc01+GdXqyKTmBTUD3fF0w5fhJjcQzcR1/kO7ZiHkw1KUMpkiUjXJd7GWer1B//9oLX3Vtdi6HyJ4+Y24gtmXI2tjuUAm/tB9PKBcnM4zjuGDDIqcJsmvZv9waFKhAEvDwl/xZI1yYrYyHb+XPeDncK9DnupTFF0jMxjeNOf5wusYQxExSXkMCuOE4LJMtL5rsKjqIPGraSHfoeV8fsNOAK30Yx6CCW57a9hKQXP4ZFsKJkRARg9Httv8dn6iur82C9oEFQWkh5vrvd5OCqt/OQ5z/fpbSzeQk2SQBA9nMASCUHWeJC8yQOT/hIxLB1gTrXm2znYMLENqxZLpUGPKf0ehPX41CgFW/ucIu6diNtgpunpqiHvehEqinY1DSzwbioQ9qpqdPTyxpR2xWvkVAf6c8+qIoptl7b8lxhO1V6t9j17AZhE1Izi25u4CoPf8+VEY530G7snHb7rCfMeQaZDbtOBan9MYeR1B/8sbWm2QwfrSI3AZrS4AHkPOQApLfsGZqrj8RB/OdWSuHuUuDq4JPhPzXgLuKSfu5U4Nflgku/kQQ+IW8YwTjpRWP4OZxqOmS7G8foTRFFZKKFuZ3gV+MnH5DFioIdbODi5EP0SoU7Dm8JpjvyARqBmqDiQySv6OFYxgA=",
                            "id": "AKIAJTNFO4N534I2TQPQ",
                            "key_fingerprint": "f480c016e2a9d0273490aa9dbdfdb1a53622d023",
                            "pgp_key": "keybase:mhahn",
                            "ses_smtp_password": "Ao5k6jeUOmd/rr1522oLYZSUOckrh6fBqtt21Q2iAhYS",
                            "status": "Active",
                            "user": "lunchbot-api-development"
                        },
                        "meta": {},
                        "tainted": false
                    },
                    "deposed": [],
                    "provider": "provider.aws"
                },
                "aws_iam_user.api": {
                    "type": "aws_iam_user",
                    "depends_on": [],
                    "primary": {
                        "id": "lunchbot-api-development",
                        "attributes": {
                            "arn": "arn:aws:iam::934411350416:user/development/lunchbot-api-development",
                            "force_destroy": "false",
                            "id": "lunchbot-api-development",
                            "name": "lunchbot-api-development",
                            "path": "/development/",
                            "tags.%": "0",
                            "unique_id": "AIDAIQ6UBWH2NWYFNK5GU"
                        },
                        "meta": {},
                        "tainted": false
                    },
                    "deposed": [],
                    "provider": "provider.aws"
                },
                "aws_iam_user_policy.api": {
                    "type": "aws_iam_user_policy",
                    "depends_on": [
                        "aws_dynamodb_table.team",
                        "aws_dynamodb_table.user",
                        "aws_iam_user.api"
                    ],
                    "primary": {
                        "id": "lunchbot-api-development:lunchbot-api-db-development",
                        "attributes": {
                            "id": "lunchbot-api-development:lunchbot-api-db-development",
                            "name": "lunchbot-api-db-development",
                            "policy": "{\n    \"Version\": \"2012-10-17\",\n    \"Statement\": [\n        {\n            \"Action\": [\n                \"dynamodb:GetItem\",\n                \"dynamodb:Query\",\n                \"dynamodb:PutItem\",\n                \"dynamodb:UpdateItem\",\n                \"dynamodb:DeleteItem\"\n            ],\n            \"Effect\": \"Allow\",\n            \"Resource\": \"arn:aws:dynamodb:us-west-1:934411350416:table/lunchbot-team-dev-v1\"\n        },\n        {\n            \"Action\": [\n                \"dynamodb:GetItem\",\n                \"dynamodb:Query\",\n                \"dynamodb:PutItem\",\n                \"dynamodb:UpdateItem\",\n                \"dynamodb:DeleteItem\"\n            ],\n            \"Effect\": \"Allow\",\n            \"Resource\": \"arn:aws:dynamodb:us-west-1:934411350416:table/lunchbot-user-dev-v1\"\n        }\n    ]\n}\n",
                            "user": "lunchbot-api-development"
                        },
                        "meta": {},
                        "tainted": false
                    },
                    "deposed": [],
                    "provider": "provider.aws"
                }
            },
            "depends_on": []
        }
    ]
}
